
Microsoft Visual Studio Solution File, Format Version 12.00
# Visual Studio Version 17
VisualStudioVersion = 17.0.31903.59
MinimumVisualStudioVersion = 10.0.40219.1
Project("{2150E333-8FDC-42A3-9474-1A3956D46DE8}") = "src", "src", "{61FBDA14-7AD5-45A7-A906-A1F8DC550E56}"
EndProject
Project("{FAE04EC0-301F-11D3-BF4B-00C04F79EFBC}") = "TodoApi", "src\TodoApi\TodoApi.csproj", "{3ABC1C75-9C0D-47E0-A375-1BF085F0DB82}"
EndProject
Global
	GlobalSection(SolutionConfigurationPlatforms) = preSolution
		Debug|Any CPU = Debug|Any CPU
		Release|Any CPU = Release|Any CPU
	EndGlobalSection
	GlobalSection(SolutionProperties) = preSolution
		HideSolutionNode = FALSE
	EndGlobalSection
	GlobalSection(ProjectConfigurationPlatforms) = postSolution
		{3ABC1C75-9C0D-47E0-A375-1BF085F0DB82}.Debug|Any CPU.ActiveCfg = Debug|Any CPU
		{3ABC1C75-9C0D-47E0-A375-1BF085F0DB82}.Debug|Any CPU.Build.0 = Debug|Any CPU
		{3ABC1C75-9C0D-47E0-A375-1BF085F0DB82}.Release|Any CPU.ActiveCfg = Release|Any CPU
		{3ABC1C75-9C0D-47E0-A375-1BF085F0DB82}.Release|Any CPU.Build.0 = Release|Any CPU
	EndGlobalSection
	GlobalSection(NestedProjects) = preSolution
		{3ABC1C75-9C0D-47E0-A375-1BF085F0DB82} = {61FBDA14-7AD5-45A7-A906-A1F8DC550E56}
	EndGlobalSection
EndGlobal
